
Microsoft Visual Studio Solution File, Format Version 12.00
Project("{2150E333-8FDC-42A3-9474-1A3956D46DE8}") = "src", "src", "{18981597-6825-48B1-8434-7AC6CDCF803F}"
EndProject
Project("{FAE04EC0-301F-11D3-BF4B-00C04F79EFBC}") = "Business.Host", "Business.Host\Business.Host.csproj", "{A924C6E8-672D-4D5F-9DBC-D3AE5AA8CB18}"
EndProject
Project("{FAE04EC0-301F-11D3-BF4B-00C04F79EFBC}") = "Business.Engine", "Business.Engine\Business.Engine.csproj", "{F8ACA6E1-C811-4B41-87A3-6FB76DE3AA8B}"
EndProject
Project("{FAE04EC0-301F-11D3-BF4B-00C04F79EFBC}") = "Business.BW", "Business.BW\Business.BW.csproj", "{B0FBC24D-1E96-4EEA-8AF7-77BEE5104D9E}"
EndProject
Project("{FAE04EC0-301F-11D3-BF4B-00C04F79EFBC}") = "Business.API", "Business.API\Business.API.csproj", "{BC4D42E6-93C4-4095-A556-8987187D72C0}"
EndProject
Project("{2150E333-8FDC-42A3-9474-1A3956D46DE8}") = "shared", "shared", "{13C26FFD-22B7-4F4A-8B3A-4839D8E989AC}"
EndProject
Project("{2150E333-8FDC-42A3-9474-1A3956D46DE8}") = "Business", "Business", "{28D87A8F-244D-4D01-8690-8FE83DE9FE29}"
EndProject
Project("{FAE04EC0-301F-11D3-BF4B-00C04F79EFBC}") = "Host.Extension.Mvc", "Host.Extension.Mvc\Host.Extension.Mvc.csproj", "{7D52401A-7187-473D-B61F-08629C78B75A}"
EndProject
Project("{FAE04EC0-301F-11D3-BF4B-00C04F79EFBC}") = "Business.Extension", "Business.Extension\Business.Extension.csproj", "{F44876CF-D374-460C-B0E3-D9B615A6814E}"
EndProject
Project("{FAE04EC0-301F-11D3-BF4B-00C04F79EFBC}") = "Contracts", "Contracts\Contracts.csproj", "{7180656A-705D-40BE-ACB3-D09F28033DF9}"
EndProject
Project("{FAE04EC0-301F-11D3-BF4B-00C04F79EFBC}") = "Business.Event", "Business.Event\Business.Event.csproj", "{2A13281E-83CC-435E-99CC-07DCBC91413C}"
EndProject
Global
	GlobalSection(SolutionConfigurationPlatforms) = preSolution
		Debug|Any CPU = Debug|Any CPU
		Release|Any CPU = Release|Any CPU
	EndGlobalSection
	GlobalSection(ProjectConfigurationPlatforms) = postSolution
		{A924C6E8-672D-4D5F-9DBC-D3AE5AA8CB18}.Debug|Any CPU.ActiveCfg = Debug|Any CPU
		{A924C6E8-672D-4D5F-9DBC-D3AE5AA8CB18}.Debug|Any CPU.Build.0 = Debug|Any CPU
		{A924C6E8-672D-4D5F-9DBC-D3AE5AA8CB18}.Release|Any CPU.ActiveCfg = Release|Any CPU
		{A924C6E8-672D-4D5F-9DBC-D3AE5AA8CB18}.Release|Any CPU.Build.0 = Release|Any CPU
		{F8ACA6E1-C811-4B41-87A3-6FB76DE3AA8B}.Debug|Any CPU.ActiveCfg = Debug|Any CPU
		{F8ACA6E1-C811-4B41-87A3-6FB76DE3AA8B}.Debug|Any CPU.Build.0 = Debug|Any CPU
		{F8ACA6E1-C811-4B41-87A3-6FB76DE3AA8B}.Release|Any CPU.ActiveCfg = Release|Any CPU
		{F8ACA6E1-C811-4B41-87A3-6FB76DE3AA8B}.Release|Any CPU.Build.0 = Release|Any CPU
		{B0FBC24D-1E96-4EEA-8AF7-77BEE5104D9E}.Debug|Any CPU.ActiveCfg = Debug|Any CPU
		{B0FBC24D-1E96-4EEA-8AF7-77BEE5104D9E}.Debug|Any CPU.Build.0 = Debug|Any CPU
		{B0FBC24D-1E96-4EEA-8AF7-77BEE5104D9E}.Release|Any CPU.ActiveCfg = Release|Any CPU
		{B0FBC24D-1E96-4EEA-8AF7-77BEE5104D9E}.Release|Any CPU.Build.0 = Release|Any CPU
		{BC4D42E6-93C4-4095-A556-8987187D72C0}.Debug|Any CPU.ActiveCfg = Debug|Any CPU
		{BC4D42E6-93C4-4095-A556-8987187D72C0}.Debug|Any CPU.Build.0 = Debug|Any CPU
		{BC4D42E6-93C4-4095-A556-8987187D72C0}.Release|Any CPU.ActiveCfg = Release|Any CPU
		{BC4D42E6-93C4-4095-A556-8987187D72C0}.Release|Any CPU.Build.0 = Release|Any CPU
		{7D52401A-7187-473D-B61F-08629C78B75A}.Debug|Any CPU.ActiveCfg = Debug|Any CPU
		{7D52401A-7187-473D-B61F-08629C78B75A}.Debug|Any CPU.Build.0 = Debug|Any CPU
		{7D52401A-7187-473D-B61F-08629C78B75A}.Release|Any CPU.ActiveCfg = Release|Any CPU
		{7D52401A-7187-473D-B61F-08629C78B75A}.Release|Any CPU.Build.0 = Release|Any CPU
		{F44876CF-D374-460C-B0E3-D9B615A6814E}.Debug|Any CPU.ActiveCfg = Debug|Any CPU
		{F44876CF-D374-460C-B0E3-D9B615A6814E}.Debug|Any CPU.Build.0 = Debug|Any CPU
		{F44876CF-D374-460C-B0E3-D9B615A6814E}.Release|Any CPU.ActiveCfg = Release|Any CPU
		{F44876CF-D374-460C-B0E3-D9B615A6814E}.Release|Any CPU.Build.0 = Release|Any CPU
		{7180656A-705D-40BE-ACB3-D09F28033DF9}.Debug|Any CPU.ActiveCfg = Debug|Any CPU
		{7180656A-705D-40BE-ACB3-D09F28033DF9}.Debug|Any CPU.Build.0 = Debug|Any CPU
		{7180656A-705D-40BE-ACB3-D09F28033DF9}.Release|Any CPU.ActiveCfg = Release|Any CPU
		{7180656A-705D-40BE-ACB3-D09F28033DF9}.Release|Any CPU.Build.0 = Release|Any CPU
		{2A13281E-83CC-435E-99CC-07DCBC91413C}.Debug|Any CPU.ActiveCfg = Debug|Any CPU
		{2A13281E-83CC-435E-99CC-07DCBC91413C}.Debug|Any CPU.Build.0 = Debug|Any CPU
		{2A13281E-83CC-435E-99CC-07DCBC91413C}.Release|Any CPU.ActiveCfg = Release|Any CPU
		{2A13281E-83CC-435E-99CC-07DCBC91413C}.Release|Any CPU.Build.0 = Release|Any CPU
	EndGlobalSection
	GlobalSection(NestedProjects) = preSolution
		{28D87A8F-244D-4D01-8690-8FE83DE9FE29} = {18981597-6825-48B1-8434-7AC6CDCF803F}
		{BC4D42E6-93C4-4095-A556-8987187D72C0} = {28D87A8F-244D-4D01-8690-8FE83DE9FE29}
		{B0FBC24D-1E96-4EEA-8AF7-77BEE5104D9E} = {28D87A8F-244D-4D01-8690-8FE83DE9FE29}
		{F8ACA6E1-C811-4B41-87A3-6FB76DE3AA8B} = {28D87A8F-244D-4D01-8690-8FE83DE9FE29}
		{A924C6E8-672D-4D5F-9DBC-D3AE5AA8CB18} = {28D87A8F-244D-4D01-8690-8FE83DE9FE29}
		{7D52401A-7187-473D-B61F-08629C78B75A} = {13C26FFD-22B7-4F4A-8B3A-4839D8E989AC}
		{F44876CF-D374-460C-B0E3-D9B615A6814E} = {28D87A8F-244D-4D01-8690-8FE83DE9FE29}
		{7180656A-705D-40BE-ACB3-D09F28033DF9} = {13C26FFD-22B7-4F4A-8B3A-4839D8E989AC}
		{2A13281E-83CC-435E-99CC-07DCBC91413C} = {28D87A8F-244D-4D01-8690-8FE83DE9FE29}
	EndGlobalSection
EndGlobal
